// !$*UTF8*$!
{
	archiveVersion = 1;
	classes = {
	};
	objectVersion = 55;
	objects = {

/* Begin PBXBuildFile section */
		0619535927C6E290007A01F5 /* LostConnectionScreen.swift in Sources */ = {isa = PBXBuildFile; fileRef = 0619535827C6E290007A01F5 /* LostConnectionScreen.swift */; };
		0619535B27C6E39D007A01F5 /* MiniProductTypeLabel.swift in Sources */ = {isa = PBXBuildFile; fileRef = 0619535A27C6E39D007A01F5 /* MiniProductTypeLabel.swift */; };
		062F3B6B27C72E200008333A /* MiniProductTypeLabelScrollView.swift in Sources */ = {isa = PBXBuildFile; fileRef = 062F3B6A27C72E200008333A /* MiniProductTypeLabelScrollView.swift */; };
		0633000227ECC40C004BD077 /* UserAccountPage.swift in Sources */ = {isa = PBXBuildFile; fileRef = 0633000127ECC40C004BD077 /* UserAccountPage.swift */; };
		0633000427ECF8EF004BD077 /* AccountListingsView.swift in Sources */ = {isa = PBXBuildFile; fileRef = 0633000327ECF8EF004BD077 /* AccountListingsView.swift */; };
		0633000627ECFB21004BD077 /* AddProductView.swift in Sources */ = {isa = PBXBuildFile; fileRef = 0633000527ECFB21004BD077 /* AddProductView.swift */; };
		06450D1927D9423200AB8E39 /* MapLocationModel.swift in Sources */ = {isa = PBXBuildFile; fileRef = 06450D1827D9423200AB8E39 /* MapLocationModel.swift */; };
		06450D1B27D9C2E100AB8E39 /* annotation.swift in Sources */ = {isa = PBXBuildFile; fileRef = 06450D1A27D9C2E100AB8E39 /* annotation.swift */; };
		0650A47D27DA8B70009BA304 /* ReviewPage.swift in Sources */ = {isa = PBXBuildFile; fileRef = 0650A47C27DA8B70009BA304 /* ReviewPage.swift */; };
		0650A47F27DA8B82009BA304 /* ProfilePage.swift in Sources */ = {isa = PBXBuildFile; fileRef = 0650A47E27DA8B82009BA304 /* ProfilePage.swift */; };
		067B0ACE27C81E4800A26801 /* SignUpView.swift in Sources */ = {isa = PBXBuildFile; fileRef = 067B0ACD27C81E4800A26801 /* SignUpView.swift */; };
		067B0AD027C81E4F00A26801 /* AddCardPage.swift in Sources */ = {isa = PBXBuildFile; fileRef = 067B0ACF27C81E4F00A26801 /* AddCardPage.swift */; };
		067B0AD227C81E5900A26801 /* CardPaymentPage.swift in Sources */ = {isa = PBXBuildFile; fileRef = 067B0AD127C81E5900A26801 /* CardPaymentPage.swift */; };
		067B0AD427C81E9300A26801 /* LoginHome.swift in Sources */ = {isa = PBXBuildFile; fileRef = 067B0AD327C81E9300A26801 /* LoginHome.swift */; };
		067B0ADC27C81EFE00A26801 /* TopRightLogoImage.swift in Sources */ = {isa = PBXBuildFile; fileRef = 067B0AD627C81EFD00A26801 /* TopRightLogoImage.swift */; };
		067B0ADD27C81EFE00A26801 /* FilledInButton.swift in Sources */ = {isa = PBXBuildFile; fileRef = 067B0AD727C81EFD00A26801 /* FilledInButton.swift */; };
		067B0ADE27C81EFE00A26801 /* orDividerImage.swift in Sources */ = {isa = PBXBuildFile; fileRef = 067B0AD827C81EFD00A26801 /* orDividerImage.swift */; };
		067B0ADF27C81EFE00A26801 /* SecureTextInputView.swift in Sources */ = {isa = PBXBuildFile; fileRef = 067B0AD927C81EFD00A26801 /* SecureTextInputView.swift */; };
		067B0AE027C81EFE00A26801 /* SignInWithGoogleButton.swift in Sources */ = {isa = PBXBuildFile; fileRef = 067B0ADA27C81EFD00A26801 /* SignInWithGoogleButton.swift */; };
		067B0AE127C81EFE00A26801 /* TextInputView.swift in Sources */ = {isa = PBXBuildFile; fileRef = 067B0ADB27C81EFE00A26801 /* TextInputView.swift */; };
		06853C9427CB0E9600C2F7EE /* ProductInformationScrollView.swift in Sources */ = {isa = PBXBuildFile; fileRef = 06853C9327CB0E9600C2F7EE /* ProductInformationScrollView.swift */; };
		06853C9627CB0ED900C2F7EE /* OwnerInformationSubView.swift in Sources */ = {isa = PBXBuildFile; fileRef = 06853C9527CB0ED900C2F7EE /* OwnerInformationSubView.swift */; };
		06853C9827CB0EFD00C2F7EE /* ProductReviewSubView.swift in Sources */ = {isa = PBXBuildFile; fileRef = 06853C9727CB0EFD00C2F7EE /* ProductReviewSubView.swift */; };
		06BD1FD227BEE4D7008851FC /* UserInterfaceSettings.swift in Sources */ = {isa = PBXBuildFile; fileRef = 06BD1FD127BEE4D7008851FC /* UserInterfaceSettings.swift */; };
		06D00F5D27BDA95100044550 /* Traverse_SwiftUIApp.swift in Sources */ = {isa = PBXBuildFile; fileRef = 06D00F5C27BDA95100044550 /* Traverse_SwiftUIApp.swift */; };
		06D00F5F27BDA95100044550 /* ContentView.swift in Sources */ = {isa = PBXBuildFile; fileRef = 06D00F5E27BDA95100044550 /* ContentView.swift */; };
		06D00F6127BDA95400044550 /* Assets.xcassets in Resources */ = {isa = PBXBuildFile; fileRef = 06D00F6027BDA95400044550 /* Assets.xcassets */; };
		06D00F6427BDA95400044550 /* Preview Assets.xcassets in Resources */ = {isa = PBXBuildFile; fileRef = 06D00F6327BDA95400044550 /* Preview Assets.xcassets */; };
		06D00F6C27BDAA6700044550 /* Poppins-SemiBold.ttf in Resources */ = {isa = PBXBuildFile; fileRef = 06D00F6A27BDAA6700044550 /* Poppins-SemiBold.ttf */; };
		06D00F6D27BDAA6700044550 /* Poppins-Regular.ttf in Resources */ = {isa = PBXBuildFile; fileRef = 06D00F6B27BDAA6700044550 /* Poppins-Regular.ttf */; };
		06D00F7027BDAC0A00044550 /* HomePage.swift in Sources */ = {isa = PBXBuildFile; fileRef = 06D00F6F27BDAC0A00044550 /* HomePage.swift */; };
		06D00F7227BDAC1300044550 /* SettingsPage.swift in Sources */ = {isa = PBXBuildFile; fileRef = 06D00F7127BDAC1300044550 /* SettingsPage.swift */; };
		06D00F7527BDAE1100044550 /* ProductPostView.swift in Sources */ = {isa = PBXBuildFile; fileRef = 06D00F7427BDAE1100044550 /* ProductPostView.swift */; };
		06D00F7827BDAE5600044550 /* Database.swift in Sources */ = {isa = PBXBuildFile; fileRef = 06D00F7727BDAE5500044550 /* Database.swift */; };
		06D00F7B27BDAE8800044550 /* Util.swift in Sources */ = {isa = PBXBuildFile; fileRef = 06D00F7A27BDAE8800044550 /* Util.swift */; };
		06D00F7D27BDAF1500044550 /* HorizontalProductScrollView.swift in Sources */ = {isa = PBXBuildFile; fileRef = 06D00F7C27BDAF1500044550 /* HorizontalProductScrollView.swift */; };
		06D00F7F27BDAF9000044550 /* SearchResultView.swift in Sources */ = {isa = PBXBuildFile; fileRef = 06D00F7E27BDAF9000044550 /* SearchResultView.swift */; };
		06D00F8127BDAFA000044550 /* SearchBarView.swift in Sources */ = {isa = PBXBuildFile; fileRef = 06D00F8027BDAFA000044550 /* SearchBarView.swift */; };
		06D00F8427BDAFDB00044550 /* Search.swift in Sources */ = {isa = PBXBuildFile; fileRef = 06D00F8327BDAFDB00044550 /* Search.swift */; };
		06EE767827F1540E00176837 /* RentProductDetailView.swift in Sources */ = {isa = PBXBuildFile; fileRef = 06EE767727F1540E00176837 /* RentProductDetailView.swift */; };
		06EE767A27F1544400176837 /* ConfirmRentView.swift in Sources */ = {isa = PBXBuildFile; fileRef = 06EE767927F1544400176837 /* ConfirmRentView.swift */; };
		06FE9A6B27EE56B900F06C5A /* ListingEditView.swift in Sources */ = {isa = PBXBuildFile; fileRef = 06FE9A6A27EE56B900F06C5A /* ListingEditView.swift */; };
		06FE9A6D27EEA48F00F06C5A /* AddressEditView.swift in Sources */ = {isa = PBXBuildFile; fileRef = 06FE9A6C27EEA48F00F06C5A /* AddressEditView.swift */; };
		06FE9A6F27EEA4C900F06C5A /* AddressMiniSubView.swift in Sources */ = {isa = PBXBuildFile; fileRef = 06FE9A6E27EEA4C900F06C5A /* AddressMiniSubView.swift */; };
		8A3340A527DAAC55008965E7 /* ListingsInCategoryView.swift in Sources */ = {isa = PBXBuildFile; fileRef = 8A3340A427DAAC55008965E7 /* ListingsInCategoryView.swift */; };
		8A3340A727DAC9E6008965E7 /* CategoryListingView.swift in Sources */ = {isa = PBXBuildFile; fileRef = 8A3340A627DAC9E6008965E7 /* CategoryListingView.swift */; };
		8AE15D6627DC4DFD002B6EAB /* SendMessageButtonView.swift in Sources */ = {isa = PBXBuildFile; fileRef = 8AE15D6527DC4DFC002B6EAB /* SendMessageButtonView.swift */; };
/* End PBXBuildFile section */

/* Begin PBXFileReference section */
		0619535827C6E290007A01F5 /* LostConnectionScreen.swift */ = {isa = PBXFileReference; lastKnownFileType = sourcecode.swift; path = LostConnectionScreen.swift; sourceTree = "<group>"; };
		0619535A27C6E39D007A01F5 /* MiniProductTypeLabel.swift */ = {isa = PBXFileReference; lastKnownFileType = sourcecode.swift; path = MiniProductTypeLabel.swift; sourceTree = "<group>"; };
		062F3B6A27C72E200008333A /* MiniProductTypeLabelScrollView.swift */ = {isa = PBXFileReference; lastKnownFileType = sourcecode.swift; path = MiniProductTypeLabelScrollView.swift; sourceTree = "<group>"; };
		0633000127ECC40C004BD077 /* UserAccountPage.swift */ = {isa = PBXFileReference; lastKnownFileType = sourcecode.swift; path = UserAccountPage.swift; sourceTree = "<group>"; };
		0633000327ECF8EF004BD077 /* AccountListingsView.swift */ = {isa = PBXFileReference; lastKnownFileType = sourcecode.swift; path = AccountListingsView.swift; sourceTree = "<group>"; };
		0633000527ECFB21004BD077 /* AddProductView.swift */ = {isa = PBXFileReference; lastKnownFileType = sourcecode.swift; path = AddProductView.swift; sourceTree = "<group>"; };
		06450D1827D9423200AB8E39 /* MapLocationModel.swift */ = {isa = PBXFileReference; lastKnownFileType = sourcecode.swift; path = MapLocationModel.swift; sourceTree = "<group>"; };
		06450D1A27D9C2E100AB8E39 /* annotation.swift */ = {isa = PBXFileReference; lastKnownFileType = sourcecode.swift; path = annotation.swift; sourceTree = "<group>"; };
		0650A47C27DA8B70009BA304 /* ReviewPage.swift */ = {isa = PBXFileReference; lastKnownFileType = sourcecode.swift; path = ReviewPage.swift; sourceTree = "<group>"; };
		0650A47E27DA8B82009BA304 /* ProfilePage.swift */ = {isa = PBXFileReference; lastKnownFileType = sourcecode.swift; path = ProfilePage.swift; sourceTree = "<group>"; };
		067B0ACD27C81E4800A26801 /* SignUpView.swift */ = {isa = PBXFileReference; fileEncoding = 4; lastKnownFileType = sourcecode.swift; path = SignUpView.swift; sourceTree = "<group>"; };
		067B0ACF27C81E4F00A26801 /* AddCardPage.swift */ = {isa = PBXFileReference; fileEncoding = 4; lastKnownFileType = sourcecode.swift; path = AddCardPage.swift; sourceTree = "<group>"; };
		067B0AD127C81E5900A26801 /* CardPaymentPage.swift */ = {isa = PBXFileReference; fileEncoding = 4; lastKnownFileType = sourcecode.swift; path = CardPaymentPage.swift; sourceTree = "<group>"; };
		067B0AD327C81E9300A26801 /* LoginHome.swift */ = {isa = PBXFileReference; lastKnownFileType = sourcecode.swift; path = LoginHome.swift; sourceTree = "<group>"; };
		067B0AD627C81EFD00A26801 /* TopRightLogoImage.swift */ = {isa = PBXFileReference; fileEncoding = 4; lastKnownFileType = sourcecode.swift; path = TopRightLogoImage.swift; sourceTree = "<group>"; };
		067B0AD727C81EFD00A26801 /* FilledInButton.swift */ = {isa = PBXFileReference; fileEncoding = 4; lastKnownFileType = sourcecode.swift; path = FilledInButton.swift; sourceTree = "<group>"; };
		067B0AD827C81EFD00A26801 /* orDividerImage.swift */ = {isa = PBXFileReference; fileEncoding = 4; lastKnownFileType = sourcecode.swift; path = orDividerImage.swift; sourceTree = "<group>"; };
		067B0AD927C81EFD00A26801 /* SecureTextInputView.swift */ = {isa = PBXFileReference; fileEncoding = 4; lastKnownFileType = sourcecode.swift; path = SecureTextInputView.swift; sourceTree = "<group>"; };
		067B0ADA27C81EFD00A26801 /* SignInWithGoogleButton.swift */ = {isa = PBXFileReference; fileEncoding = 4; lastKnownFileType = sourcecode.swift; path = SignInWithGoogleButton.swift; sourceTree = "<group>"; };
		067B0ADB27C81EFE00A26801 /* TextInputView.swift */ = {isa = PBXFileReference; fileEncoding = 4; lastKnownFileType = sourcecode.swift; path = TextInputView.swift; sourceTree = "<group>"; };
		06853C9327CB0E9600C2F7EE /* ProductInformationScrollView.swift */ = {isa = PBXFileReference; lastKnownFileType = sourcecode.swift; path = ProductInformationScrollView.swift; sourceTree = "<group>"; };
		06853C9527CB0ED900C2F7EE /* OwnerInformationSubView.swift */ = {isa = PBXFileReference; lastKnownFileType = sourcecode.swift; path = OwnerInformationSubView.swift; sourceTree = "<group>"; };
		06853C9727CB0EFD00C2F7EE /* ProductReviewSubView.swift */ = {isa = PBXFileReference; lastKnownFileType = sourcecode.swift; path = ProductReviewSubView.swift; sourceTree = "<group>"; };
		06BD1FD127BEE4D7008851FC /* UserInterfaceSettings.swift */ = {isa = PBXFileReference; lastKnownFileType = sourcecode.swift; path = UserInterfaceSettings.swift; sourceTree = "<group>"; };
		06D00F5927BDA95100044550 /* Traverse-SwiftUI.app */ = {isa = PBXFileReference; explicitFileType = wrapper.application; includeInIndex = 0; path = "Traverse-SwiftUI.app"; sourceTree = BUILT_PRODUCTS_DIR; };
		06D00F5C27BDA95100044550 /* Traverse_SwiftUIApp.swift */ = {isa = PBXFileReference; lastKnownFileType = sourcecode.swift; path = Traverse_SwiftUIApp.swift; sourceTree = "<group>"; };
		06D00F5E27BDA95100044550 /* ContentView.swift */ = {isa = PBXFileReference; lastKnownFileType = sourcecode.swift; path = ContentView.swift; sourceTree = "<group>"; };
		06D00F6027BDA95400044550 /* Assets.xcassets */ = {isa = PBXFileReference; lastKnownFileType = folder.assetcatalog; path = Assets.xcassets; sourceTree = "<group>"; };
		06D00F6327BDA95400044550 /* Preview Assets.xcassets */ = {isa = PBXFileReference; lastKnownFileType = folder.assetcatalog; path = "Preview Assets.xcassets"; sourceTree = "<group>"; };
		06D00F6A27BDAA6700044550 /* Poppins-SemiBold.ttf */ = {isa = PBXFileReference; lastKnownFileType = file; path = "Poppins-SemiBold.ttf"; sourceTree = "<group>"; };
		06D00F6B27BDAA6700044550 /* Poppins-Regular.ttf */ = {isa = PBXFileReference; lastKnownFileType = file; path = "Poppins-Regular.ttf"; sourceTree = "<group>"; };
		06D00F6E27BDAAA800044550 /* Info.plist */ = {isa = PBXFileReference; lastKnownFileType = text.plist; path = Info.plist; sourceTree = "<group>"; };
		06D00F6F27BDAC0A00044550 /* HomePage.swift */ = {isa = PBXFileReference; lastKnownFileType = sourcecode.swift; path = HomePage.swift; sourceTree = "<group>"; };
		06D00F7127BDAC1300044550 /* SettingsPage.swift */ = {isa = PBXFileReference; lastKnownFileType = sourcecode.swift; path = SettingsPage.swift; sourceTree = "<group>"; };
		06D00F7427BDAE1100044550 /* ProductPostView.swift */ = {isa = PBXFileReference; fileEncoding = 4; lastKnownFileType = sourcecode.swift; path = ProductPostView.swift; sourceTree = "<group>"; };
		06D00F7727BDAE5500044550 /* Database.swift */ = {isa = PBXFileReference; fileEncoding = 4; lastKnownFileType = sourcecode.swift; path = Database.swift; sourceTree = "<group>"; };
		06D00F7A27BDAE8800044550 /* Util.swift */ = {isa = PBXFileReference; fileEncoding = 4; lastKnownFileType = sourcecode.swift; path = Util.swift; sourceTree = "<group>"; };
		06D00F7C27BDAF1500044550 /* HorizontalProductScrollView.swift */ = {isa = PBXFileReference; lastKnownFileType = sourcecode.swift; path = HorizontalProductScrollView.swift; sourceTree = "<group>"; };
		06D00F7E27BDAF9000044550 /* SearchResultView.swift */ = {isa = PBXFileReference; fileEncoding = 4; lastKnownFileType = sourcecode.swift; path = SearchResultView.swift; sourceTree = "<group>"; };
		06D00F8027BDAFA000044550 /* SearchBarView.swift */ = {isa = PBXFileReference; fileEncoding = 4; lastKnownFileType = sourcecode.swift; path = SearchBarView.swift; sourceTree = "<group>"; };
		06D00F8327BDAFDB00044550 /* Search.swift */ = {isa = PBXFileReference; fileEncoding = 4; lastKnownFileType = sourcecode.swift; path = Search.swift; sourceTree = "<group>"; };
		06EE767727F1540E00176837 /* RentProductDetailView.swift */ = {isa = PBXFileReference; lastKnownFileType = sourcecode.swift; path = RentProductDetailView.swift; sourceTree = "<group>"; };
		06EE767927F1544400176837 /* ConfirmRentView.swift */ = {isa = PBXFileReference; lastKnownFileType = sourcecode.swift; path = ConfirmRentView.swift; sourceTree = "<group>"; };
		06FE9A6A27EE56B900F06C5A /* ListingEditView.swift */ = {isa = PBXFileReference; lastKnownFileType = sourcecode.swift; path = ListingEditView.swift; sourceTree = "<group>"; };
		06FE9A6C27EEA48F00F06C5A /* AddressEditView.swift */ = {isa = PBXFileReference; lastKnownFileType = sourcecode.swift; path = AddressEditView.swift; sourceTree = "<group>"; };
		06FE9A6E27EEA4C900F06C5A /* AddressMiniSubView.swift */ = {isa = PBXFileReference; lastKnownFileType = sourcecode.swift; path = AddressMiniSubView.swift; sourceTree = "<group>"; };
		8A3340A427DAAC55008965E7 /* ListingsInCategoryView.swift */ = {isa = PBXFileReference; lastKnownFileType = sourcecode.swift; path = ListingsInCategoryView.swift; sourceTree = "<group>"; };
		8A3340A627DAC9E6008965E7 /* CategoryListingView.swift */ = {isa = PBXFileReference; lastKnownFileType = sourcecode.swift; path = CategoryListingView.swift; sourceTree = "<group>"; };
		8AE15D6527DC4DFC002B6EAB /* SendMessageButtonView.swift */ = {isa = PBXFileReference; lastKnownFileType = sourcecode.swift; path = SendMessageButtonView.swift; sourceTree = "<group>"; };
/* End PBXFileReference section */

/* Begin PBXFrameworksBuildPhase section */
		06D00F5627BDA95100044550 /* Frameworks */ = {
			isa = PBXFrameworksBuildPhase;
			buildActionMask = 2147483647;
			files = (
			);
			runOnlyForDeploymentPostprocessing = 0;
		};
/* End PBXFrameworksBuildPhase section */

/* Begin PBXGroup section */
		067B0ACB27C81DD700A26801 /* LoginViews */ = {
			isa = PBXGroup;
			children = (
				067B0AD527C81EEB00A26801 /* LoginSubViews */,
				067B0AE227C81F2100A26801 /* LoginContainerViews */,
			);
			path = LoginViews;
			sourceTree = "<group>";
		};
		067B0ACC27C81DF600A26801 /* ContainerViews */ = {
			isa = PBXGroup;
			children = (
				06D00F7C27BDAF1500044550 /* HorizontalProductScrollView.swift */,
				0650A47C27DA8B70009BA304 /* ReviewPage.swift */,
				0650A47E27DA8B82009BA304 /* ProfilePage.swift */,
				06D00F8027BDAFA000044550 /* SearchBarView.swift */,
				0633000527ECFB21004BD077 /* AddProductView.swift */,
				06EE767727F1540E00176837 /* RentProductDetailView.swift */,
				06EE767927F1544400176837 /* ConfirmRentView.swift */,
				06FE9A6C27EEA48F00F06C5A /* AddressEditView.swift */,
				06FE9A6A27EE56B900F06C5A /* ListingEditView.swift */,
				0633000327ECF8EF004BD077 /* AccountListingsView.swift */,
				0619535827C6E290007A01F5 /* LostConnectionScreen.swift */,
				06853C9327CB0E9600C2F7EE /* ProductInformationScrollView.swift */,
				062F3B6A27C72E200008333A /* MiniProductTypeLabelScrollView.swift */,
				8A3340A427DAAC55008965E7 /* ListingsInCategoryView.swift */,
			);
			path = ContainerViews;
			sourceTree = "<group>";
		};
		067B0AD527C81EEB00A26801 /* LoginSubViews */ = {
			isa = PBXGroup;
			children = (
				067B0AD727C81EFD00A26801 /* FilledInButton.swift */,
				067B0AD827C81EFD00A26801 /* orDividerImage.swift */,
				067B0AD927C81EFD00A26801 /* SecureTextInputView.swift */,
				067B0ADA27C81EFD00A26801 /* SignInWithGoogleButton.swift */,
				067B0ADB27C81EFE00A26801 /* TextInputView.swift */,
				067B0AD627C81EFD00A26801 /* TopRightLogoImage.swift */,
			);
			path = LoginSubViews;
			sourceTree = "<group>";
		};
		067B0AE227C81F2100A26801 /* LoginContainerViews */ = {
			isa = PBXGroup;
			children = (
				067B0AD327C81E9300A26801 /* LoginHome.swift */,
				067B0ACD27C81E4800A26801 /* SignUpView.swift */,
				06FE9A6E27EEA4C900F06C5A /* AddressMiniSubView.swift */,
				067B0ACF27C81E4F00A26801 /* AddCardPage.swift */,
				067B0AD127C81E5900A26801 /* CardPaymentPage.swift */,
			);
			path = LoginContainerViews;
			sourceTree = "<group>";
		};
		06D00F5027BDA95100044550 = {
			isa = PBXGroup;
			children = (
				06D00F5B27BDA95100044550 /* Traverse-SwiftUI */,
				06D00F5A27BDA95100044550 /* Products */,
			);
			sourceTree = "<group>";
		};
		06D00F5A27BDA95100044550 /* Products */ = {
			isa = PBXGroup;
			children = (
				06D00F5927BDA95100044550 /* Traverse-SwiftUI.app */,
			);
			name = Products;
			sourceTree = "<group>";
		};
		06D00F5B27BDA95100044550 /* Traverse-SwiftUI */ = {
			isa = PBXGroup;
			children = (
				06D00F6E27BDAAA800044550 /* Info.plist */,
				06D00F6B27BDAA6700044550 /* Poppins-Regular.ttf */,
				06D00F6A27BDAA6700044550 /* Poppins-SemiBold.ttf */,
				06D00F7327BDAC2400044550 /* Tabs */,
				06D00F7627BDAE3400044550 /* Views */,
				06D00F7927BDAE7600044550 /* Utility */,
				06D00F5C27BDA95100044550 /* Traverse_SwiftUIApp.swift */,
				06D00F5E27BDA95100044550 /* ContentView.swift */,
				06D00F6027BDA95400044550 /* Assets.xcassets */,
				06D00F6227BDA95400044550 /* Preview Content */,
			);
			path = "Traverse-SwiftUI";
			sourceTree = "<group>";
		};
		06D00F6227BDA95400044550 /* Preview Content */ = {
			isa = PBXGroup;
			children = (
				06D00F6327BDA95400044550 /* Preview Assets.xcassets */,
			);
			path = "Preview Content";
			sourceTree = "<group>";
		};
		06D00F7327BDAC2400044550 /* Tabs */ = {
			isa = PBXGroup;
			children = (
				06D00F7127BDAC1300044550 /* SettingsPage.swift */,
				06D00F6F27BDAC0A00044550 /* HomePage.swift */,
				0633000127ECC40C004BD077 /* UserAccountPage.swift */,
			);
			path = Tabs;
			sourceTree = "<group>";
		};
		06D00F7627BDAE3400044550 /* Views */ = {
			isa = PBXGroup;
			children = (
				067B0ACB27C81DD700A26801 /* LoginViews */,
				06D00F8227BDAFA500044550 /* Subviews */,
				067B0ACC27C81DF600A26801 /* ContainerViews */,
			);
			path = Views;
			sourceTree = "<group>";
		};
		06D00F7927BDAE7600044550 /* Utility */ = {
			isa = PBXGroup;
			children = (
				06BD1FD127BEE4D7008851FC /* UserInterfaceSettings.swift */,
				06450D1A27D9C2E100AB8E39 /* annotation.swift */,
				06D00F8327BDAFDB00044550 /* Search.swift */,
				06D00F7727BDAE5500044550 /* Database.swift */,
				06D00F7A27BDAE8800044550 /* Util.swift */,
				06450D1827D9423200AB8E39 /* MapLocationModel.swift */,
			);
			path = Utility;
			sourceTree = "<group>";
		};
		06D00F8227BDAFA500044550 /* Subviews */ = {
			isa = PBXGroup;
			children = (
				06D00F7427BDAE1100044550 /* ProductPostView.swift */,
				06D00F7E27BDAF9000044550 /* SearchResultView.swift */,
				0619535A27C6E39D007A01F5 /* MiniProductTypeLabel.swift */,
				06853C9527CB0ED900C2F7EE /* OwnerInformationSubView.swift */,
				06853C9727CB0EFD00C2F7EE /* ProductReviewSubView.swift */,
				8A3340A627DAC9E6008965E7 /* CategoryListingView.swift */,
				8AE15D6527DC4DFC002B6EAB /* SendMessageButtonView.swift */,
			);
			path = Subviews;
			sourceTree = "<group>";
		};
/* End PBXGroup section */

/* Begin PBXNativeTarget section */
		06D00F5827BDA95100044550 /* Traverse-SwiftUI */ = {
			isa = PBXNativeTarget;
			buildConfigurationList = 06D00F6727BDA95400044550 /* Build configuration list for PBXNativeTarget "Traverse-SwiftUI" */;
			buildPhases = (
				06D00F5527BDA95100044550 /* Sources */,
				06D00F5627BDA95100044550 /* Frameworks */,
				06D00F5727BDA95100044550 /* Resources */,
			);
			buildRules = (
			);
			dependencies = (
			);
			name = "Traverse-SwiftUI";
			productName = "Traverse-SwiftUI";
			productReference = 06D00F5927BDA95100044550 /* Traverse-SwiftUI.app */;
			productType = "com.apple.product-type.application";
		};
/* End PBXNativeTarget section */

/* Begin PBXProject section */
		06D00F5127BDA95100044550 /* Project object */ = {
			isa = PBXProject;
			attributes = {
				BuildIndependentTargetsInParallel = 1;
				LastSwiftUpdateCheck = 1320;
				LastUpgradeCheck = 1320;
				TargetAttributes = {
					06D00F5827BDA95100044550 = {
						CreatedOnToolsVersion = 13.2.1;
					};
				};
			};
			buildConfigurationList = 06D00F5427BDA95100044550 /* Build configuration list for PBXProject "Traverse-SwiftUI" */;
			compatibilityVersion = "Xcode 13.0";
			developmentRegion = en;
			hasScannedForEncodings = 0;
			knownRegions = (
				en,
				Base,
			);
			mainGroup = 06D00F5027BDA95100044550;
			productRefGroup = 06D00F5A27BDA95100044550 /* Products */;
			projectDirPath = "";
			projectRoot = "";
			targets = (
				06D00F5827BDA95100044550 /* Traverse-SwiftUI */,
			);
		};
/* End PBXProject section */

/* Begin PBXResourcesBuildPhase section */
		06D00F5727BDA95100044550 /* Resources */ = {
			isa = PBXResourcesBuildPhase;
			buildActionMask = 2147483647;
			files = (
				06D00F6C27BDAA6700044550 /* Poppins-SemiBold.ttf in Resources */,
				06D00F6427BDA95400044550 /* Preview Assets.xcassets in Resources */,
				06D00F6127BDA95400044550 /* Assets.xcassets in Resources */,
				06D00F6D27BDAA6700044550 /* Poppins-Regular.ttf in Resources */,
			);
			runOnlyForDeploymentPostprocessing = 0;
		};
/* End PBXResourcesBuildPhase section */

/* Begin PBXSourcesBuildPhase section */
		06D00F5527BDA95100044550 /* Sources */ = {
			isa = PBXSourcesBuildPhase;
			buildActionMask = 2147483647;
			files = (
				06D00F8427BDAFDB00044550 /* Search.swift in Sources */,
				06853C9827CB0EFD00C2F7EE /* ProductReviewSubView.swift in Sources */,
				06BD1FD227BEE4D7008851FC /* UserInterfaceSettings.swift in Sources */,
				06D00F8127BDAFA000044550 /* SearchBarView.swift in Sources */,
				067B0ADC27C81EFE00A26801 /* TopRightLogoImage.swift in Sources */,
				06853C9427CB0E9600C2F7EE /* ProductInformationScrollView.swift in Sources */,
				067B0AD227C81E5900A26801 /* CardPaymentPage.swift in Sources */,
				06D00F7827BDAE5600044550 /* Database.swift in Sources */,
				067B0ADE27C81EFE00A26801 /* orDividerImage.swift in Sources */,
				06D00F7527BDAE1100044550 /* ProductPostView.swift in Sources */,
				06EE767827F1540E00176837 /* RentProductDetailView.swift in Sources */,
				0619535B27C6E39D007A01F5 /* MiniProductTypeLabel.swift in Sources */,
				06450D1B27D9C2E100AB8E39 /* annotation.swift in Sources */,
				0619535927C6E290007A01F5 /* LostConnectionScreen.swift in Sources */,
				067B0AD427C81E9300A26801 /* LoginHome.swift in Sources */,
				06D00F5F27BDA95100044550 /* ContentView.swift in Sources */,
				06EE767A27F1544400176837 /* ConfirmRentView.swift in Sources */,
				8AE15D6627DC4DFD002B6EAB /* SendMessageButtonView.swift in Sources */,
				8A3340A727DAC9E6008965E7 /* CategoryListingView.swift in Sources */,
				0633000427ECF8EF004BD077 /* AccountListingsView.swift in Sources */,
				06D00F7D27BDAF1500044550 /* HorizontalProductScrollView.swift in Sources */,
				062F3B6B27C72E200008333A /* MiniProductTypeLabelScrollView.swift in Sources */,
				06D00F7027BDAC0A00044550 /* HomePage.swift in Sources */,
				8A3340A527DAAC55008965E7 /* ListingsInCategoryView.swift in Sources */,
				0650A47F27DA8B82009BA304 /* ProfilePage.swift in Sources */,
				06FE9A6D27EEA48F00F06C5A /* AddressEditView.swift in Sources */,
				06FE9A6F27EEA4C900F06C5A /* AddressMiniSubView.swift in Sources */,
				06450D1927D9423200AB8E39 /* MapLocationModel.swift in Sources */,
				067B0ADD27C81EFE00A26801 /* FilledInButton.swift in Sources */,
				067B0ADF27C81EFE00A26801 /* SecureTextInputView.swift in Sources */,
				0633000627ECFB21004BD077 /* AddProductView.swift in Sources */,
				06D00F7B27BDAE8800044550 /* Util.swift in Sources */,
				067B0ACE27C81E4800A26801 /* SignUpView.swift in Sources */,
				06D00F5D27BDA95100044550 /* Traverse_SwiftUIApp.swift in Sources */,
				067B0AE127C81EFE00A26801 /* TextInputView.swift in Sources */,
				0633000227ECC40C004BD077 /* UserAccountPage.swift in Sources */,
				06853C9627CB0ED900C2F7EE /* OwnerInformationSubView.swift in Sources */,
				067B0AE027C81EFE00A26801 /* SignInWithGoogleButton.swift in Sources */,
				067B0AD027C81E4F00A26801 /* AddCardPage.swift in Sources */,
				0650A47D27DA8B70009BA304 /* ReviewPage.swift in Sources */,
				06D00F7F27BDAF9000044550 /* SearchResultView.swift in Sources */,
				06FE9A6B27EE56B900F06C5A /* ListingEditView.swift in Sources */,
				06D00F7227BDAC1300044550 /* SettingsPage.swift in Sources */,
			);
			runOnlyForDeploymentPostprocessing = 0;
		};
/* End PBXSourcesBuildPhase section */

/* Begin XCBuildConfiguration section */
		06D00F6527BDA95400044550 /* Debug */ = {
			isa = XCBuildConfiguration;
			buildSettings = {
				ALWAYS_SEARCH_USER_PATHS = NO;
				CLANG_ANALYZER_NONNULL = YES;
				CLANG_ANALYZER_NUMBER_OBJECT_CONVERSION = YES_AGGRESSIVE;
				CLANG_CXX_LANGUAGE_STANDARD = "gnu++17";
				CLANG_CXX_LIBRARY = "libc++";
				CLANG_ENABLE_MODULES = YES;
				CLANG_ENABLE_OBJC_ARC = YES;
				CLANG_ENABLE_OBJC_WEAK = YES;
				CLANG_WARN_BLOCK_CAPTURE_AUTORELEASING = YES;
				CLANG_WARN_BOOL_CONVERSION = YES;
				CLANG_WARN_COMMA = YES;
				CLANG_WARN_CONSTANT_CONVERSION = YES;
				CLANG_WARN_DEPRECATED_OBJC_IMPLEMENTATIONS = YES;
				CLANG_WARN_DIRECT_OBJC_ISA_USAGE = YES_ERROR;
				CLANG_WARN_DOCUMENTATION_COMMENTS = YES;
				CLANG_WARN_EMPTY_BODY = YES;
				CLANG_WARN_ENUM_CONVERSION = YES;
				CLANG_WARN_INFINITE_RECURSION = YES;
				CLANG_WARN_INT_CONVERSION = YES;
				CLANG_WARN_NON_LITERAL_NULL_CONVERSION = YES;
				CLANG_WARN_OBJC_IMPLICIT_RETAIN_SELF = YES;
				CLANG_WARN_OBJC_LITERAL_CONVERSION = YES;
				CLANG_WARN_OBJC_ROOT_CLASS = YES_ERROR;
				CLANG_WARN_QUOTED_INCLUDE_IN_FRAMEWORK_HEADER = YES;
				CLANG_WARN_RANGE_LOOP_ANALYSIS = YES;
				CLANG_WARN_STRICT_PROTOTYPES = YES;
				CLANG_WARN_SUSPICIOUS_MOVE = YES;
				CLANG_WARN_UNGUARDED_AVAILABILITY = YES_AGGRESSIVE;
				CLANG_WARN_UNREACHABLE_CODE = YES;
				CLANG_WARN__DUPLICATE_METHOD_MATCH = YES;
				COPY_PHASE_STRIP = NO;
				DEBUG_INFORMATION_FORMAT = dwarf;
				ENABLE_STRICT_OBJC_MSGSEND = YES;
				ENABLE_TESTABILITY = YES;
				GCC_C_LANGUAGE_STANDARD = gnu11;
				GCC_DYNAMIC_NO_PIC = NO;
				GCC_NO_COMMON_BLOCKS = YES;
				GCC_OPTIMIZATION_LEVEL = 0;
				GCC_PREPROCESSOR_DEFINITIONS = (
					"DEBUG=1",
					"$(inherited)",
				);
				GCC_WARN_64_TO_32_BIT_CONVERSION = YES;
				GCC_WARN_ABOUT_RETURN_TYPE = YES_ERROR;
				GCC_WARN_UNDECLARED_SELECTOR = YES;
				GCC_WARN_UNINITIALIZED_AUTOS = YES_AGGRESSIVE;
				GCC_WARN_UNUSED_FUNCTION = YES;
				GCC_WARN_UNUSED_VARIABLE = YES;
				IPHONEOS_DEPLOYMENT_TARGET = 15.2;
				MTL_ENABLE_DEBUG_INFO = INCLUDE_SOURCE;
				MTL_FAST_MATH = YES;
				ONLY_ACTIVE_ARCH = YES;
				SDKROOT = iphoneos;
				SWIFT_ACTIVE_COMPILATION_CONDITIONS = DEBUG;
				SWIFT_OPTIMIZATION_LEVEL = "-Onone";
			};
			name = Debug;
		};
		06D00F6627BDA95400044550 /* Release */ = {
			isa = XCBuildConfiguration;
			buildSettings = {
				ALWAYS_SEARCH_USER_PATHS = NO;
				CLANG_ANALYZER_NONNULL = YES;
				CLANG_ANALYZER_NUMBER_OBJECT_CONVERSION = YES_AGGRESSIVE;
				CLANG_CXX_LANGUAGE_STANDARD = "gnu++17";
				CLANG_CXX_LIBRARY = "libc++";
				CLANG_ENABLE_MODULES = YES;
				CLANG_ENABLE_OBJC_ARC = YES;
				CLANG_ENABLE_OBJC_WEAK = YES;
				CLANG_WARN_BLOCK_CAPTURE_AUTORELEASING = YES;
				CLANG_WARN_BOOL_CONVERSION = YES;
				CLANG_WARN_COMMA = YES;
				CLANG_WARN_CONSTANT_CONVERSION = YES;
				CLANG_WARN_DEPRECATED_OBJC_IMPLEMENTATIONS = YES;
				CLANG_WARN_DIRECT_OBJC_ISA_USAGE = YES_ERROR;
				CLANG_WARN_DOCUMENTATION_COMMENTS = YES;
				CLANG_WARN_EMPTY_BODY = YES;
				CLANG_WARN_ENUM_CONVERSION = YES;
				CLANG_WARN_INFINITE_RECURSION = YES;
				CLANG_WARN_INT_CONVERSION = YES;
				CLANG_WARN_NON_LITERAL_NULL_CONVERSION = YES;
				CLANG_WARN_OBJC_IMPLICIT_RETAIN_SELF = YES;
				CLANG_WARN_OBJC_LITERAL_CONVERSION = YES;
				CLANG_WARN_OBJC_ROOT_CLASS = YES_ERROR;
				CLANG_WARN_QUOTED_INCLUDE_IN_FRAMEWORK_HEADER = YES;
				CLANG_WARN_RANGE_LOOP_ANALYSIS = YES;
				CLANG_WARN_STRICT_PROTOTYPES = YES;
				CLANG_WARN_SUSPICIOUS_MOVE = YES;
				CLANG_WARN_UNGUARDED_AVAILABILITY = YES_AGGRESSIVE;
				CLANG_WARN_UNREACHABLE_CODE = YES;
				CLANG_WARN__DUPLICATE_METHOD_MATCH = YES;
				COPY_PHASE_STRIP = NO;
				DEBUG_INFORMATION_FORMAT = "dwarf-with-dsym";
				ENABLE_NS_ASSERTIONS = NO;
				ENABLE_STRICT_OBJC_MSGSEND = YES;
				GCC_C_LANGUAGE_STANDARD = gnu11;
				GCC_NO_COMMON_BLOCKS = YES;
				GCC_WARN_64_TO_32_BIT_CONVERSION = YES;
				GCC_WARN_ABOUT_RETURN_TYPE = YES_ERROR;
				GCC_WARN_UNDECLARED_SELECTOR = YES;
				GCC_WARN_UNINITIALIZED_AUTOS = YES_AGGRESSIVE;
				GCC_WARN_UNUSED_FUNCTION = YES;
				GCC_WARN_UNUSED_VARIABLE = YES;
				IPHONEOS_DEPLOYMENT_TARGET = 15.2;
				MTL_ENABLE_DEBUG_INFO = NO;
				MTL_FAST_MATH = YES;
				SDKROOT = iphoneos;
				SWIFT_COMPILATION_MODE = wholemodule;
				SWIFT_OPTIMIZATION_LEVEL = "-O";
				VALIDATE_PRODUCT = YES;
			};
			name = Release;
		};
		06D00F6827BDA95400044550 /* Debug */ = {
			isa = XCBuildConfiguration;
			buildSettings = {
				ASSETCATALOG_COMPILER_APPICON_NAME = AppIcon;
				ASSETCATALOG_COMPILER_GLOBAL_ACCENT_COLOR_NAME = AccentColor;
				CODE_SIGN_STYLE = Automatic;
				CURRENT_PROJECT_VERSION = 1;
				DEVELOPMENT_ASSET_PATHS = "\"Traverse-SwiftUI/Preview Content\"";
				DEVELOPMENT_TEAM = C72D493DTH;
				ENABLE_PREVIEWS = YES;
				GENERATE_INFOPLIST_FILE = YES;
				INFOPLIST_FILE = "Traverse-SwiftUI/Info.plist";
				INFOPLIST_KEY_NSLocationWhenInUseUsageDescription = "\"In order to find products near you.\"";
				INFOPLIST_KEY_UIApplicationSceneManifest_Generation = YES;
				INFOPLIST_KEY_UIApplicationSupportsIndirectInputEvents = YES;
				INFOPLIST_KEY_UILaunchScreen_Generation = YES;
				INFOPLIST_KEY_UISupportedInterfaceOrientations_iPad = "UIInterfaceOrientationPortrait UIInterfaceOrientationPortraitUpsideDown UIInterfaceOrientationLandscapeLeft UIInterfaceOrientationLandscapeRight";
				INFOPLIST_KEY_UISupportedInterfaceOrientations_iPhone = "UIInterfaceOrientationPortrait UIInterfaceOrientationLandscapeLeft UIInterfaceOrientationLandscapeRight";
				LD_RUNPATH_SEARCH_PATHS = (
					"$(inherited)",
					"@executable_path/Frameworks",
				);
				MARKETING_VERSION = 1.0;
				PRODUCT_BUNDLE_IDENTIFIER = "mms.Traverse-SwiftUI";
				PRODUCT_NAME = "$(TARGET_NAME)";
				SWIFT_EMIT_LOC_STRINGS = YES;
				SWIFT_VERSION = 5.0;
				TARGETED_DEVICE_FAMILY = "1,2";
			};
			name = Debug;
		};
		06D00F6927BDA95400044550 /* Release */ = {
			isa = XCBuildConfiguration;
			buildSettings = {
				ASSETCATALOG_COMPILER_APPICON_NAME = AppIcon;
				ASSETCATALOG_COMPILER_GLOBAL_ACCENT_COLOR_NAME = AccentColor;
				CODE_SIGN_STYLE = Automatic;
				CURRENT_PROJECT_VERSION = 1;
				DEVELOPMENT_ASSET_PATHS = "\"Traverse-SwiftUI/Preview Content\"";
				DEVELOPMENT_TEAM = C72D493DTH;
				ENABLE_PREVIEWS = YES;
				GENERATE_INFOPLIST_FILE = YES;
				INFOPLIST_FILE = "Traverse-SwiftUI/Info.plist";
				INFOPLIST_KEY_NSLocationWhenInUseUsageDescription = "\"In order to find products near you.\"";
				INFOPLIST_KEY_UIApplicationSceneManifest_Generation = YES;
				INFOPLIST_KEY_UIApplicationSupportsIndirectInputEvents = YES;
				INFOPLIST_KEY_UILaunchScreen_Generation = YES;
				INFOPLIST_KEY_UISupportedInterfaceOrientations_iPad = "UIInterfaceOrientationPortrait UIInterfaceOrientationPortraitUpsideDown UIInterfaceOrientationLandscapeLeft UIInterfaceOrientationLandscapeRight";
				INFOPLIST_KEY_UISupportedInterfaceOrientations_iPhone = "UIInterfaceOrientationPortrait UIInterfaceOrientationLandscapeLeft UIInterfaceOrientationLandscapeRight";
				LD_RUNPATH_SEARCH_PATHS = (
					"$(inherited)",
					"@executable_path/Frameworks",
				);
				MARKETING_VERSION = 1.0;
				PRODUCT_BUNDLE_IDENTIFIER = "mms.Traverse-SwiftUI";
				PRODUCT_NAME = "$(TARGET_NAME)";
				SWIFT_EMIT_LOC_STRINGS = YES;
				SWIFT_VERSION = 5.0;
				TARGETED_DEVICE_FAMILY = "1,2";
			};
			name = Release;
		};
/* End XCBuildConfiguration section */

/* Begin XCConfigurationList section */
		06D00F5427BDA95100044550 /* Build configuration list for PBXProject "Traverse-SwiftUI" */ = {
			isa = XCConfigurationList;
			buildConfigurations = (
				06D00F6527BDA95400044550 /* Debug */,
				06D00F6627BDA95400044550 /* Release */,
			);
			defaultConfigurationIsVisible = 0;
			defaultConfigurationName = Release;
		};
		06D00F6727BDA95400044550 /* Build configuration list for PBXNativeTarget "Traverse-SwiftUI" */ = {
			isa = XCConfigurationList;
			buildConfigurations = (
				06D00F6827BDA95400044550 /* Debug */,
				06D00F6927BDA95400044550 /* Release */,
			);
			defaultConfigurationIsVisible = 0;
			defaultConfigurationName = Release;
		};
/* End XCConfigurationList section */
	};
	rootObject = 06D00F5127BDA95100044550 /* Project object */;
}
